
Microsoft Visual Studio Solution File, Format Version 12.00
# Visual Studio Version 16
VisualStudioVersion = 16.0.30523.141
MinimumVisualStudioVersion = 10.0.40219.1
Project("{FAE04EC0-301F-11D3-BF4B-00C04F79EFBC}") = "MasterDataTest", "MasterDataTest\MasterDataTest.csproj", "{C9FB0F11-13CF-4D30-B031-C55CE17961B0}"
EndProject
Global
	GlobalSection(SolutionConfigurationPlatforms) = preSolution
		Debug|Any CPU = Debug|Any CPU
		Release|Any CPU = Release|Any CPU
	EndGlobalSection
	GlobalSection(ProjectConfigurationPlatforms) = postSolution
		{C9FB0F11-13CF-4D30-B031-C55CE17961B0}.Debug|Any CPU.ActiveCfg = Debug|Any CPU
		{C9FB0F11-13CF-4D30-B031-C55CE17961B0}.Debug|Any CPU.Build.0 = Debug|Any CPU
		{C9FB0F11-13CF-4D30-B031-C55CE17961B0}.Release|Any CPU.ActiveCfg = Release|Any CPU
		{C9FB0F11-13CF-4D30-B031-C55CE17961B0}.Release|Any CPU.Build.0 = Release|Any CPU
	EndGlobalSection
	GlobalSection(SolutionProperties) = preSolution
		HideSolutionNode = FALSE
	EndGlobalSection
	GlobalSection(ExtensibilityGlobals) = postSolution
		SolutionGuid = {5E0149DE-05BB-43D9-A23C-B4F4FA5978BA}
	EndGlobalSection
EndGlobal
